
Microsoft Visual Studio Solution File, Format Version 12.00
# Visual Studio Version 16
VisualStudioVersion = 16.0.30104.148
MinimumVisualStudioVersion = 10.0.40219.1
Project("{9A19103F-16F7-4668-BE54-9A1E7A4F7556}") = "WG3000.Modbus.TcpServer", "WG3000.Modbus.TcpServer\WG3000.Modbus.TcpServer.csproj", "{F8D9206A-EF32-41C7-983A-4607C3E6A8C5}"
EndProject
Global
	GlobalSection(SolutionConfigurationPlatforms) = preSolution
		Debug|Any CPU = Debug|Any CPU
		Release|Any CPU = Release|Any CPU
	EndGlobalSection
	GlobalSection(ProjectConfigurationPlatforms) = postSolution
		{F8D9206A-EF32-41C7-983A-4607C3E6A8C5}.Debug|Any CPU.ActiveCfg = Debug|Any CPU
		{F8D9206A-EF32-41C7-983A-4607C3E6A8C5}.Debug|Any CPU.Build.0 = Debug|Any CPU
		{F8D9206A-EF32-41C7-983A-4607C3E6A8C5}.Release|Any CPU.ActiveCfg = Release|Any CPU
		{F8D9206A-EF32-41C7-983A-4607C3E6A8C5}.Release|Any CPU.Build.0 = Release|Any CPU
	EndGlobalSection
	GlobalSection(SolutionProperties) = preSolution
		HideSolutionNode = FALSE
	EndGlobalSection
	GlobalSection(ExtensibilityGlobals) = postSolution
		SolutionGuid = {FAEA83E2-15BA-4D28-90F7-B1A1A33E06F9}
	EndGlobalSection
EndGlobal
